
Microsoft Visual Studio Solution File, Format Version 12.00
# Visual Studio Version 17
VisualStudioVersion = 17.9.34616.47
MinimumVisualStudioVersion = 10.0.40219.1
Project("{9A19103F-16F7-4668-BE54-9A1E7A4F7556}") = "TestOpenIdConnectMVC", "TestOpenIdConnectMVC\TestOpenIdConnectMVC.csproj", "{705AF67F-065E-4FF5-BA92-59EF44DD6D1D}"
EndProject
Global
	GlobalSection(SolutionConfigurationPlatforms) = preSolution
		Debug|Any CPU = Debug|Any CPU
		Release|Any CPU = Release|Any CPU
	EndGlobalSection
	GlobalSection(ProjectConfigurationPlatforms) = postSolution
		{705AF67F-065E-4FF5-BA92-59EF44DD6D1D}.Debug|Any CPU.ActiveCfg = Debug|Any CPU
		{705AF67F-065E-4FF5-BA92-59EF44DD6D1D}.Debug|Any CPU.Build.0 = Debug|Any CPU
		{705AF67F-065E-4FF5-BA92-59EF44DD6D1D}.Release|Any CPU.ActiveCfg = Release|Any CPU
		{705AF67F-065E-4FF5-BA92-59EF44DD6D1D}.Release|Any CPU.Build.0 = Release|Any CPU
	EndGlobalSection
	GlobalSection(SolutionProperties) = preSolution
		HideSolutionNode = FALSE
	EndGlobalSection
	GlobalSection(ExtensibilityGlobals) = postSolution
		SolutionGuid = {CAE0FA82-E377-457A-94EA-87A750D31AB3}
	EndGlobalSection
EndGlobal
