
Microsoft Visual Studio Solution File, Format Version 12.00
# Visual Studio Version 17
VisualStudioVersion = 17.9.34616.47
MinimumVisualStudioVersion = 10.0.40219.1
Project("{9A19103F-16F7-4668-BE54-9A1E7A4F7556}") = "TestOpenIdConnectMVC", "testsiteminder\TestOpenIdConnectMVC.csproj", "{A2C6E869-7B20-41D7-8142-2F670D6A8F1B}"
EndProject
Global
	GlobalSection(SolutionConfigurationPlatforms) = preSolution
		Debug|Any CPU = Debug|Any CPU
		Release|Any CPU = Release|Any CPU
	EndGlobalSection
	GlobalSection(ProjectConfigurationPlatforms) = postSolution
		{A2C6E869-7B20-41D7-8142-2F670D6A8F1B}.Debug|Any CPU.ActiveCfg = Debug|Any CPU
		{A2C6E869-7B20-41D7-8142-2F670D6A8F1B}.Debug|Any CPU.Build.0 = Debug|Any CPU
		{A2C6E869-7B20-41D7-8142-2F670D6A8F1B}.Release|Any CPU.ActiveCfg = Release|Any CPU
		{A2C6E869-7B20-41D7-8142-2F670D6A8F1B}.Release|Any CPU.Build.0 = Release|Any CPU
	EndGlobalSection
	GlobalSection(SolutionProperties) = preSolution
		HideSolutionNode = FALSE
	EndGlobalSection
	GlobalSection(ExtensibilityGlobals) = postSolution
		SolutionGuid = {CAE0FA82-E377-457A-94EA-87A750D31AB3}
	EndGlobalSection
EndGlobal
